
Microsoft Visual Studio Solution File, Format Version 12.00
# Visual Studio Version 17
VisualStudioVersion = 17.9.34902.65
MinimumVisualStudioVersion = 10.0.40219.1
Project("{888888A0-9F3D-457C-B088-3A5042F75D52}") = "calculator_app", "calculator_app.pyproj", "{BCC0683B-468F-410B-A2DB-E2FA236208BB}"
EndProject
Global
	GlobalSection(SolutionConfigurationPlatforms) = preSolution
		Debug|Any CPU = Debug|Any CPU
		Release|Any CPU = Release|Any CPU
	EndGlobalSection
	GlobalSection(ProjectConfigurationPlatforms) = postSolution
		{BCC0683B-468F-410B-A2DB-E2FA236208BB}.Debug|Any CPU.ActiveCfg = Debug|Any CPU
		{BCC0683B-468F-410B-A2DB-E2FA236208BB}.Release|Any CPU.ActiveCfg = Release|Any CPU
	EndGlobalSection
	GlobalSection(SolutionProperties) = preSolution
		HideSolutionNode = FALSE
	EndGlobalSection
	GlobalSection(ExtensibilityGlobals) = postSolution
		SolutionGuid = {F120697E-7CEB-40B8-8196-5135901954D9}
	EndGlobalSection
EndGlobal
